
Microsoft Visual Studio Solution File, Format Version 12.00
# Visual Studio Version 17
VisualStudioVersion = 17.7.34221.43
MinimumVisualStudioVersion = 10.0.40219.1
Project("{FAE04EC0-301F-11D3-BF4B-00C04F79EFBC}") = "Api.OrderManagement", "Api.OrderManagement.csproj", "{2DD38297-23F4-42D4-9A14-C87FB337D8A6}"
EndProject
Global
	GlobalSection(SolutionConfigurationPlatforms) = preSolution
		Debug|Any CPU = Debug|Any CPU
		Release|Any CPU = Release|Any CPU
	EndGlobalSection
	GlobalSection(ProjectConfigurationPlatforms) = postSolution
		{2DD38297-23F4-42D4-9A14-C87FB337D8A6}.Debug|Any CPU.ActiveCfg = Debug|Any CPU
		{2DD38297-23F4-42D4-9A14-C87FB337D8A6}.Debug|Any CPU.Build.0 = Debug|Any CPU
		{2DD38297-23F4-42D4-9A14-C87FB337D8A6}.Release|Any CPU.ActiveCfg = Release|Any CPU
		{2DD38297-23F4-42D4-9A14-C87FB337D8A6}.Release|Any CPU.Build.0 = Release|Any CPU
	EndGlobalSection
	GlobalSection(SolutionProperties) = preSolution
		HideSolutionNode = FALSE
	EndGlobalSection
	GlobalSection(ExtensibilityGlobals) = postSolution
		SolutionGuid = {6C751C14-357B-41A8-AF81-EFA813523C06}
	EndGlobalSection
EndGlobal
