
Microsoft Visual Studio Solution File, Format Version 12.00
# Visual Studio Version 17
VisualStudioVersion = 17.7.34221.43
MinimumVisualStudioVersion = 10.0.40219.1
Project("{FAE04EC0-301F-11D3-BF4B-00C04F79EFBC}") = "lib.InventoryManagement.DataLayer", "lib.InventoryManagement.DataLayer.csproj", "{1477A3C5-CC2B-427D-B8D1-0EBE23B3F2A9}"
EndProject
Global
	GlobalSection(SolutionConfigurationPlatforms) = preSolution
		Debug|Any CPU = Debug|Any CPU
		Release|Any CPU = Release|Any CPU
	EndGlobalSection
	GlobalSection(ProjectConfigurationPlatforms) = postSolution
		{1477A3C5-CC2B-427D-B8D1-0EBE23B3F2A9}.Debug|Any CPU.ActiveCfg = Debug|Any CPU
		{1477A3C5-CC2B-427D-B8D1-0EBE23B3F2A9}.Debug|Any CPU.Build.0 = Debug|Any CPU
		{1477A3C5-CC2B-427D-B8D1-0EBE23B3F2A9}.Release|Any CPU.ActiveCfg = Release|Any CPU
		{1477A3C5-CC2B-427D-B8D1-0EBE23B3F2A9}.Release|Any CPU.Build.0 = Release|Any CPU
	EndGlobalSection
	GlobalSection(SolutionProperties) = preSolution
		HideSolutionNode = FALSE
	EndGlobalSection
	GlobalSection(ExtensibilityGlobals) = postSolution
		SolutionGuid = {7BDC71AE-B5AE-45E2-AD57-238F6B7EBC44}
	EndGlobalSection
EndGlobal
