
Microsoft Visual Studio Solution File, Format Version 12.00
# Visual Studio Version 17
VisualStudioVersion = 17.7.34221.43
MinimumVisualStudioVersion = 10.0.40219.1
Project("{FAE04EC0-301F-11D3-BF4B-00C04F79EFBC}") = "Api.ProductCatalog", "Api.ProductCatalog.csproj", "{1E6DBA61-A350-456B-ACF7-C6C37F996BD5}"
EndProject
Global
	GlobalSection(SolutionConfigurationPlatforms) = preSolution
		Debug|Any CPU = Debug|Any CPU
		Release|Any CPU = Release|Any CPU
	EndGlobalSection
	GlobalSection(ProjectConfigurationPlatforms) = postSolution
		{1E6DBA61-A350-456B-ACF7-C6C37F996BD5}.Debug|Any CPU.ActiveCfg = Debug|Any CPU
		{1E6DBA61-A350-456B-ACF7-C6C37F996BD5}.Debug|Any CPU.Build.0 = Debug|Any CPU
		{1E6DBA61-A350-456B-ACF7-C6C37F996BD5}.Release|Any CPU.ActiveCfg = Release|Any CPU
		{1E6DBA61-A350-456B-ACF7-C6C37F996BD5}.Release|Any CPU.Build.0 = Release|Any CPU
	EndGlobalSection
	GlobalSection(SolutionProperties) = preSolution
		HideSolutionNode = FALSE
	EndGlobalSection
	GlobalSection(ExtensibilityGlobals) = postSolution
		SolutionGuid = {1D5F58A9-ED4A-4918-B097-D7E522EA3065}
	EndGlobalSection
EndGlobal
